
Microsoft Visual Studio Solution File, Format Version 12.00
# Visual Studio Version 17
VisualStudioVersion = 17.14.36401.2 d17.14
MinimumVisualStudioVersion = 10.0.40219.1
Project("{FAE04EC0-301F-11D3-BF4B-00C04F79EFBC}") = "task-manager-api", "task-manager-api.csproj", "{78ECB815-B307-144B-596A-26702807B1FF}"
EndProject
Global
	GlobalSection(SolutionConfigurationPlatforms) = preSolution
		Debug|Any CPU = Debug|Any CPU
		Release|Any CPU = Release|Any CPU
	EndGlobalSection
	GlobalSection(ProjectConfigurationPlatforms) = postSolution
		{78ECB815-B307-144B-596A-26702807B1FF}.Debug|Any CPU.ActiveCfg = Debug|Any CPU
		{78ECB815-B307-144B-596A-26702807B1FF}.Debug|Any CPU.Build.0 = Debug|Any CPU
		{78ECB815-B307-144B-596A-26702807B1FF}.Release|Any CPU.ActiveCfg = Release|Any CPU
		{78ECB815-B307-144B-596A-26702807B1FF}.Release|Any CPU.Build.0 = Release|Any CPU
	EndGlobalSection
	GlobalSection(SolutionProperties) = preSolution
		HideSolutionNode = FALSE
	EndGlobalSection
	GlobalSection(ExtensibilityGlobals) = postSolution
		SolutionGuid = {6799C72F-A04D-4576-920E-9085F38C624D}
	EndGlobalSection
EndGlobal
